
Microsoft Visual Studio Solution File, Format Version 12.00
# Visual Studio Version 17
VisualStudioVersion = 17.0.31903.59
MinimumVisualStudioVersion = 10.0.40219.1
Project("{FAE04EC0-301F-11D3-BF4B-00C04F79EFBC}") = "AutomaticMailSenderPOC", "AutomaticMailSenderPOC\AutomaticMailSenderPOC.csproj", "{D2993C9C-400D-40A0-90FC-5D6FB8D55CAF}"
EndProject
Project("{FAE04EC0-301F-11D3-BF4B-00C04F79EFBC}") = "AutomaticMailSenderPOC.Tests", "AutomaticMailSenderPOC.Tests\AutomaticMailSenderPOC.Tests.csproj", "{8558460A-FD49-489E-B6DF-FB06591235D7}"
EndProject
Global
	GlobalSection(SolutionConfigurationPlatforms) = preSolution
		Debug|Any CPU = Debug|Any CPU
		Release|Any CPU = Release|Any CPU
	EndGlobalSection
	GlobalSection(SolutionProperties) = preSolution
		HideSolutionNode = FALSE
	EndGlobalSection
	GlobalSection(ProjectConfigurationPlatforms) = postSolution
		{D2993C9C-400D-40A0-90FC-5D6FB8D55CAF}.Debug|Any CPU.ActiveCfg = Debug|Any CPU
		{D2993C9C-400D-40A0-90FC-5D6FB8D55CAF}.Debug|Any CPU.Build.0 = Debug|Any CPU
		{D2993C9C-400D-40A0-90FC-5D6FB8D55CAF}.Release|Any CPU.ActiveCfg = Release|Any CPU
		{D2993C9C-400D-40A0-90FC-5D6FB8D55CAF}.Release|Any CPU.Build.0 = Release|Any CPU
		{8558460A-FD49-489E-B6DF-FB06591235D7}.Debug|Any CPU.ActiveCfg = Debug|Any CPU
		{8558460A-FD49-489E-B6DF-FB06591235D7}.Debug|Any CPU.Build.0 = Debug|Any CPU
		{8558460A-FD49-489E-B6DF-FB06591235D7}.Release|Any CPU.ActiveCfg = Release|Any CPU
		{8558460A-FD49-489E-B6DF-FB06591235D7}.Release|Any CPU.Build.0 = Release|Any CPU
	EndGlobalSection
EndGlobal
